Microsoft Visual Studio Solution File, Format Version 12.00
# Visual Studio Version 17
VisualStudioVersion = 17.5.2.0
MinimumVisualStudioVersion = 10.0.40219.1
Project("{FAE04EC0-301F-11D3-BF4B-00C04F79EFBC}") = "Assignmen_PRN232_1", "Assignmen_PRN232_1.csproj", "{FD21ABC0-A968-76A7-A2AC-C21891172348}"
EndProject
Global
	GlobalSection(SolutionConfigurationPlatforms) = preSolution
		Debug|Any CPU = Debug|Any CPU
		Release|Any CPU = Release|Any CPU
	EndGlobalSection
	GlobalSection(ProjectConfigurationPlatforms) = postSolution
		{FD21ABC0-A968-76A7-A2AC-C21891172348}.Debug|Any CPU.ActiveCfg = Debug|Any CPU
		{FD21ABC0-A968-76A7-A2AC-C21891172348}.Debug|Any CPU.Build.0 = Debug|Any CPU
		{FD21ABC0-A968-76A7-A2AC-C21891172348}.Release|Any CPU.ActiveCfg = Release|Any CPU
		{FD21ABC0-A968-76A7-A2AC-C21891172348}.Release|Any CPU.Build.0 = Release|Any CPU
	EndGlobalSection
	GlobalSection(SolutionProperties) = preSolution
		HideSolutionNode = FALSE
	EndGlobalSection
	GlobalSection(ExtensibilityGlobals) = postSolution
		SolutionGuid = {2FDD1469-4E48-4461-8B6E-6B61ABE7A2A3}
	EndGlobalSection
EndGlobal
